
Microsoft Visual Studio Solution File, Format Version 12.00
# Visual Studio Version 16
VisualStudioVersion = 16.0.31321.278
MinimumVisualStudioVersion = 10.0.40219.1
Project("{FAE04EC0-301F-11D3-BF4B-00C04F79EFBC}") = "Countries", "Countries.csproj", "{3007189C-6976-4827-B9FC-3EF35F48CB85}"
EndProject
Global
	GlobalSection(SolutionConfigurationPlatforms) = preSolution
		Debug|Any CPU = Debug|Any CPU
		Release|Any CPU = Release|Any CPU
	EndGlobalSection
	GlobalSection(ProjectConfigurationPlatforms) = postSolution
		{3007189C-6976-4827-B9FC-3EF35F48CB85}.Debug|Any CPU.ActiveCfg = Debug|Any CPU
		{3007189C-6976-4827-B9FC-3EF35F48CB85}.Debug|Any CPU.Build.0 = Debug|Any CPU
		{3007189C-6976-4827-B9FC-3EF35F48CB85}.Release|Any CPU.ActiveCfg = Release|Any CPU
		{3007189C-6976-4827-B9FC-3EF35F48CB85}.Release|Any CPU.Build.0 = Release|Any CPU
	EndGlobalSection
	GlobalSection(SolutionProperties) = preSolution
		HideSolutionNode = FALSE
	EndGlobalSection
	GlobalSection(ExtensibilityGlobals) = postSolution
		SolutionGuid = {D71A89A3-6600-473B-99A8-D29014118A90}
	EndGlobalSection
EndGlobal
